
Microsoft Visual Studio Solution File, Format Version 12.00
# Visual Studio 15
VisualStudioVersion = 15.0.28307.852
MinimumVisualStudioVersion = 10.0.40219.1
Project("{8BC9CEB8-8B4A-11D0-8D11-00A0C91BC942}") = "getIntersectionNode", "getIntersectionNode\getIntersectionNode.vcxproj", "{4C55C71F-14DF-4AFE-A474-8034CBAA603A}"
EndProject
Global
	GlobalSection(SolutionConfigurationPlatforms) = preSolution
		Debug|x64 = Debug|x64
		Debug|x86 = Debug|x86
		Release|x64 = Release|x64
		Release|x86 = Release|x86
	EndGlobalSection
	GlobalSection(ProjectConfigurationPlatforms) = postSolution
		{4C55C71F-14DF-4AFE-A474-8034CBAA603A}.Debug|x64.ActiveCfg = Debug|x64
		{4C55C71F-14DF-4AFE-A474-8034CBAA603A}.Debug|x64.Build.0 = Debug|x64
		{4C55C71F-14DF-4AFE-A474-8034CBAA603A}.Debug|x86.ActiveCfg = Debug|Win32
		{4C55C71F-14DF-4AFE-A474-8034CBAA603A}.Debug|x86.Build.0 = Debug|Win32
		{4C55C71F-14DF-4AFE-A474-8034CBAA603A}.Release|x64.ActiveCfg = Release|x64
		{4C55C71F-14DF-4AFE-A474-8034CBAA603A}.Release|x64.Build.0 = Release|x64
		{4C55C71F-14DF-4AFE-A474-8034CBAA603A}.Release|x86.ActiveCfg = Release|Win32
		{4C55C71F-14DF-4AFE-A474-8034CBAA603A}.Release|x86.Build.0 = Release|Win32
	EndGlobalSection
	GlobalSection(SolutionProperties) = preSolution
		HideSolutionNode = FALSE
	EndGlobalSection
	GlobalSection(ExtensibilityGlobals) = postSolution
		SolutionGuid = {0D52BD7D-6C09-4B90-8541-40F793D7E357}
	EndGlobalSection
EndGlobal
